Microsoft Visual Studio Solution File, Format Version 12.00
# Visual Studio 2012
Project("{FAE04EC0-301F-11D3-BF4B-00C04F79EFBC}") = "game10003-plinko", "game10003-plinko.csproj", "{D57F80AA-A516-4527-BF0F-82C1776B3ED7}"
EndProject
Global
	GlobalSection(SolutionConfigurationPlatforms) = preSolution
	Debug|Any CPU = Debug|Any CPU
	ExportDebug|Any CPU = ExportDebug|Any CPU
	ExportRelease|Any CPU = ExportRelease|Any CPU
	EndGlobalSection
	GlobalSection(ProjectConfigurationPlatforms) = postSolution
		{D57F80AA-A516-4527-BF0F-82C1776B3ED7}.Debug|Any CPU.ActiveCfg = Debug|Any CPU
		{D57F80AA-A516-4527-BF0F-82C1776B3ED7}.Debug|Any CPU.Build.0 = Debug|Any CPU
		{D57F80AA-A516-4527-BF0F-82C1776B3ED7}.ExportDebug|Any CPU.ActiveCfg = ExportDebug|Any CPU
		{D57F80AA-A516-4527-BF0F-82C1776B3ED7}.ExportDebug|Any CPU.Build.0 = ExportDebug|Any CPU
		{D57F80AA-A516-4527-BF0F-82C1776B3ED7}.ExportRelease|Any CPU.ActiveCfg = ExportRelease|Any CPU
		{D57F80AA-A516-4527-BF0F-82C1776B3ED7}.ExportRelease|Any CPU.Build.0 = ExportRelease|Any CPU
	EndGlobalSection
EndGlobal
